
Microsoft Visual Studio Solution File, Format Version 12.00
# Visual Studio Version 17
VisualStudioVersion = 17.3.32804.467
MinimumVisualStudioVersion = 10.0.40219.1
Project("{8BC9CEB8-8B4A-11D0-8D11-00A0C91BC942}") = "ChatProject", "ChatProject\ChatProject.vcxproj", "{E37A0B92-58CA-4F60-9FD5-290C8A740851}"
EndProject
Global
	GlobalSection(SolutionConfigurationPlatforms) = preSolution
		Debug|x64 = Debug|x64
		Debug|x86 = Debug|x86
		Release|x64 = Release|x64
		Release|x86 = Release|x86
	EndGlobalSection
	GlobalSection(ProjectConfigurationPlatforms) = postSolution
		{E37A0B92-58CA-4F60-9FD5-290C8A740851}.Debug|x64.ActiveCfg = Debug|x64
		{E37A0B92-58CA-4F60-9FD5-290C8A740851}.Debug|x64.Build.0 = Debug|x64
		{E37A0B92-58CA-4F60-9FD5-290C8A740851}.Debug|x86.ActiveCfg = Debug|Win32
		{E37A0B92-58CA-4F60-9FD5-290C8A740851}.Debug|x86.Build.0 = Debug|Win32
		{E37A0B92-58CA-4F60-9FD5-290C8A740851}.Release|x64.ActiveCfg = Release|x64
		{E37A0B92-58CA-4F60-9FD5-290C8A740851}.Release|x64.Build.0 = Release|x64
		{E37A0B92-58CA-4F60-9FD5-290C8A740851}.Release|x86.ActiveCfg = Release|Win32
		{E37A0B92-58CA-4F60-9FD5-290C8A740851}.Release|x86.Build.0 = Release|Win32
	EndGlobalSection
	GlobalSection(SolutionProperties) = preSolution
		HideSolutionNode = FALSE
	EndGlobalSection
	GlobalSection(ExtensibilityGlobals) = postSolution
		SolutionGuid = {9B8DC4BA-BD4A-4FFD-BD54-B1B22F2AC051}
	EndGlobalSection
EndGlobal
